{
  "version": 4,
  "terraform_version": "1.2.0",
  "serial": 11,
  "lineage": "aced9661-d041-49da-49e3-d59effbde97d",
  "outputs": {
    "sql_db": {
      "value": "kopi-dev-sql-sql-server/kopi-db",
      "type": "string"
    }
  },
  "resources": [
    {
      "mode": "data",
      "type": "azurerm_private_endpoint_connection",
      "name": "kopi-endpoint-connection",
      "provider": "provider[\"registry.terraform.io/hashicorp/azurerm\"]",
      "instances": []
    },
    {
      "mode": "managed",
      "type": "azurerm_private_dns_a_record",
      "name": "kopi-endpoint-dns-a-record",
      "provider": "provider[\"registry.terraform.io/hashicorp/azurerm\"]",
      "instances": []
    },
    {
      "mode": "managed",
      "type": "azurerm_private_dns_zone",
      "name": "kopi-endpoint-dns-private-zone",
      "provider": "provider[\"registry.terraform.io/hashicorp/azurerm\"]",
      "instances": [
        {
          "schema_version": 0,
          "attributes": {
            "id": "/subscriptions/2c54b4c3-e1db-41a1-81a7-63db50730625/resourceGroups/kopi-dev-sql-rg/providers/Microsoft.Network/privateDnsZones/kopidb.database.windows.net",
            "max_number_of_record_sets": 25000,
            "max_number_of_virtual_network_links": 1000,
            "max_number_of_virtual_network_links_with_registration": 100,
            "name": "kopidb.database.windows.net",
            "number_of_record_sets": 1,
            "resource_group_name": "kopi-dev-sql-rg",
            "soa_record": [
              {
                "email": "azureprivatedns-host.microsoft.com",
                "expire_time": 2419200,
                "fqdn": "kopidb.database.windows.net.",
                "host_name": "azureprivatedns.net",
                "minimum_ttl": 10,
                "refresh_time": 3600,
                "retry_time": 300,
                "serial_number": 1,
                "tags": {},
                "ttl": 3600
              }
            ],
            "tags": {},
            "timeouts": null
          },
          "sensitive_attributes": [],
          "private": "eyJlMmJmYjczMC1lY2FhLTExZTYtOGY4OC0zNDM2M2JjN2M0YzAiOnsiY3JlYXRlIjoxODAwMDAwMDAwMDAwLCJkZWxldGUiOjE4MDAwMDAwMDAwMDAsInJlYWQiOjMwMDAwMDAwMDAwMCwidXBkYXRlIjoxODAwMDAwMDAwMDAwfX0=",
          "dependencies": [
            "azurerm_resource_group.kopi-rg"
          ]
        }
      ]
    },
    {
      "mode": "managed",
      "type": "azurerm_private_dns_zone",
      "name": "kopi-private-dns",
      "provider": "provider[\"registry.terraform.io/hashicorp/azurerm\"]",
      "instances": [
        {
          "schema_version": 0,
          "attributes": {
            "id": "/subscriptions/2c54b4c3-e1db-41a1-81a7-63db50730625/resourceGroups/kopi-dev-sql-rg/providers/Microsoft.Network/privateDnsZones/kopicloud.lan",
            "max_number_of_record_sets": 25000,
            "max_number_of_virtual_network_links": 1000,
            "max_number_of_virtual_network_links_with_registration": 100,
            "name": "kopicloud.lan",
            "number_of_record_sets": 1,
            "resource_group_name": "kopi-dev-sql-rg",
            "soa_record": [
              {
                "email": "azureprivatedns-host.microsoft.com",
                "expire_time": 2419200,
                "fqdn": "kopicloud.lan.",
                "host_name": "azureprivatedns.net",
                "minimum_ttl": 10,
                "refresh_time": 3600,
                "retry_time": 300,
                "serial_number": 1,
                "tags": {},
                "ttl": 3600
              }
            ],
            "tags": {},
            "timeouts": null
          },
          "sensitive_attributes": [],
          "private": "eyJlMmJmYjczMC1lY2FhLTExZTYtOGY4OC0zNDM2M2JjN2M0YzAiOnsiY3JlYXRlIjoxODAwMDAwMDAwMDAwLCJkZWxldGUiOjE4MDAwMDAwMDAwMDAsInJlYWQiOjMwMDAwMDAwMDAwMCwidXBkYXRlIjoxODAwMDAwMDAwMDAwfX0=",
          "dependencies": [
            "azurerm_resource_group.kopi-rg"
          ]
        }
      ]
    },
    {
      "mode": "managed",
      "type": "azurerm_private_dns_zone_virtual_network_link",
      "name": "dns-zone-to-vnet-link",
      "provider": "provider[\"registry.terraform.io/hashicorp/azurerm\"]",
      "instances": [
        {
          "schema_version": 0,
          "attributes": {
            "id": "/subscriptions/2c54b4c3-e1db-41a1-81a7-63db50730625/resourceGroups/kopi-dev-sql-rg/providers/Microsoft.Network/privateDnsZones/kopidb.database.windows.net/virtualNetworkLinks/kopi-dev-sql-db-vnet-link",
            "name": "kopi-dev-sql-db-vnet-link",
            "private_dns_zone_name": "kopidb.database.windows.net",
            "registration_enabled": false,
            "resource_group_name": "kopi-dev-sql-rg",
            "tags": {},
            "timeouts": null,
            "virtual_network_id": "/subscriptions/2c54b4c3-e1db-41a1-81a7-63db50730625/resourceGroups/kopi-dev-sql-rg/providers/Microsoft.Network/virtualNetworks/kopi-dev-sql-vnet"
          },
          "sensitive_attributes": [],
          "private": "eyJlMmJmYjczMC1lY2FhLTExZTYtOGY4OC0zNDM2M2JjN2M0YzAiOnsiY3JlYXRlIjoxODAwMDAwMDAwMDAwLCJkZWxldGUiOjE4MDAwMDAwMDAwMDAsInJlYWQiOjMwMDAwMDAwMDAwMCwidXBkYXRlIjoxODAwMDAwMDAwMDAwfX0=",
          "dependencies": [
            "azurerm_private_dns_zone.kopi-endpoint-dns-private-zone",
            "azurerm_resource_group.kopi-rg",
            "azurerm_virtual_network.kopi-vnet"
          ]
        }
      ]
    },
    {
      "mode": "managed",
      "type": "azurerm_private_dns_zone_virtual_network_link",
      "name": "kopi-private-dns-link",
      "provider": "provider[\"registry.terraform.io/hashicorp/azurerm\"]",
      "instances": [
        {
          "schema_version": 0,
          "attributes": {
            "id": "/subscriptions/2c54b4c3-e1db-41a1-81a7-63db50730625/resourceGroups/kopi-dev-sql-rg/providers/Microsoft.Network/privateDnsZones/kopicloud.lan/virtualNetworkLinks/kopi-dev-sql-vnet",
            "name": "kopi-dev-sql-vnet",
            "private_dns_zone_name": "kopicloud.lan",
            "registration_enabled": false,
            "resource_group_name": "kopi-dev-sql-rg",
            "tags": {},
            "timeouts": null,
            "virtual_network_id": "/subscriptions/2c54b4c3-e1db-41a1-81a7-63db50730625/resourceGroups/kopi-dev-sql-rg/providers/Microsoft.Network/virtualNetworks/kopi-dev-sql-vnet"
          },
          "sensitive_attributes": [],
          "private": "eyJlMmJmYjczMC1lY2FhLTExZTYtOGY4OC0zNDM2M2JjN2M0YzAiOnsiY3JlYXRlIjoxODAwMDAwMDAwMDAwLCJkZWxldGUiOjE4MDAwMDAwMDAwMDAsInJlYWQiOjMwMDAwMDAwMDAwMCwidXBkYXRlIjoxODAwMDAwMDAwMDAwfX0=",
          "dependencies": [
            "azurerm_private_dns_zone.kopi-private-dns",
            "azurerm_resource_group.kopi-rg",
            "azurerm_virtual_network.kopi-vnet"
          ]
        }
      ]
    },
    {
      "mode": "managed",
      "type": "azurerm_private_endpoint",
      "name": "kopi-db-endpoint",
      "provider": "provider[\"registry.terraform.io/hashicorp/azurerm\"]",
      "instances": []
    },
    {
      "mode": "managed",
      "type": "azurerm_resource_group",
      "name": "kopi-rg",
      "provider": "provider[\"registry.terraform.io/hashicorp/azurerm\"]",
      "instances": [
        {
          "schema_version": 0,
          "attributes": {
            "id": "/subscriptions/2c54b4c3-e1db-41a1-81a7-63db50730625/resourceGroups/kopi-dev-sql-rg",
            "location": "northeurope",
            "name": "kopi-dev-sql-rg",
            "tags": {
              "environment": "dev"
            },
            "timeouts": null
          },
          "sensitive_attributes": [],
          "private": "eyJlMmJmYjczMC1lY2FhLTExZTYtOGY4OC0zNDM2M2JjN2M0YzAiOnsiY3JlYXRlIjo1NDAwMDAwMDAwMDAwLCJkZWxldGUiOjU0MDAwMDAwMDAwMDAsInJlYWQiOjMwMDAwMDAwMDAwMCwidXBkYXRlIjo1NDAwMDAwMDAwMDAwfX0="
        }
      ]
    },
    {
      "mode": "managed",
      "type": "azurerm_sql_database",
      "name": "kopi-sql-db",
      "provider": "provider[\"registry.terraform.io/hashicorp/azurerm\"]",
      "instances": []
    },
    {
      "mode": "managed",
      "type": "azurerm_subnet",
      "name": "kopi-db-subnet",
      "provider": "provider[\"registry.terraform.io/hashicorp/azurerm\"]",
      "instances": [
        {
          "schema_version": 0,
          "attributes": {
            "address_prefixes": [
              "10.50.2.0/24"
            ],
            "delegation": [],
            "enforce_private_link_endpoint_network_policies": true,
            "enforce_private_link_service_network_policies": false,
            "id": "/subscriptions/2c54b4c3-e1db-41a1-81a7-63db50730625/resourceGroups/kopi-dev-sql-rg/providers/Microsoft.Network/virtualNetworks/kopi-dev-sql-vnet/subnets/kopi-dev-sql-db-subnet",
            "name": "kopi-dev-sql-db-subnet",
            "resource_group_name": "kopi-dev-sql-rg",
            "service_endpoint_policy_ids": [],
            "service_endpoints": [],
            "timeouts": null,
            "virtual_network_name": "kopi-dev-sql-vnet"
          },
          "sensitive_attributes": [],
          "private": "eyJlMmJmYjczMC1lY2FhLTExZTYtOGY4OC0zNDM2M2JjN2M0YzAiOnsiY3JlYXRlIjoxODAwMDAwMDAwMDAwLCJkZWxldGUiOjE4MDAwMDAwMDAwMDAsInJlYWQiOjMwMDAwMDAwMDAwMCwidXBkYXRlIjoxODAwMDAwMDAwMDAwfX0=",
          "dependencies": [
            "azurerm_resource_group.kopi-rg",
            "azurerm_virtual_network.kopi-vnet"
          ]
        }
      ]
    },
    {
      "mode": "managed",
      "type": "azurerm_virtual_network",
      "name": "kopi-vnet",
      "provider": "provider[\"registry.terraform.io/hashicorp/azurerm\"]",
      "instances": [
        {
          "schema_version": 0,
          "attributes": {
            "address_space": [
              "10.50.0.0/16"
            ],
            "bgp_community": "",
            "ddos_protection_plan": [],
            "dns_servers": [],
            "edge_zone": "",
            "flow_timeout_in_minutes": 0,
            "guid": "62c2d442-1a0b-4809-9131-451498393464",
            "id": "/subscriptions/2c54b4c3-e1db-41a1-81a7-63db50730625/resourceGroups/kopi-dev-sql-rg/providers/Microsoft.Network/virtualNetworks/kopi-dev-sql-vnet",
            "location": "northeurope",
            "name": "kopi-dev-sql-vnet",
            "resource_group_name": "kopi-dev-sql-rg",
            "subnet": [
              {
                "address_prefix": "10.50.2.0/24",
                "id": "/subscriptions/2c54b4c3-e1db-41a1-81a7-63db50730625/resourceGroups/kopi-dev-sql-rg/providers/Microsoft.Network/virtualNetworks/kopi-dev-sql-vnet/subnets/kopi-dev-sql-db-subnet",
                "name": "kopi-dev-sql-db-subnet",
                "security_group": ""
              }
            ],
            "tags": {
              "environment": "dev"
            },
            "timeouts": null
          },
          "sensitive_attributes": [],
          "private": "eyJlMmJmYjczMC1lY2FhLTExZTYtOGY4OC0zNDM2M2JjN2M0YzAiOnsiY3JlYXRlIjoxODAwMDAwMDAwMDAwLCJkZWxldGUiOjE4MDAwMDAwMDAwMDAsInJlYWQiOjMwMDAwMDAwMDAwMCwidXBkYXRlIjoxODAwMDAwMDAwMDAwfX0=",
          "dependencies": [
            "azurerm_resource_group.kopi-rg"
          ]
        }
      ]
    }
  ]
}
